Microsoft Visual Studio Solution File, Format Version 12.00
# Visual Studio Version 17
VisualStudioVersion = 17.5.2.0
MinimumVisualStudioVersion = 10.0.40219.1
Project("{FAE04EC0-301F-11D3-BF4B-00C04F79EFBC}") = "SmartGearOnline", "SmartGearOnline.csproj", "{FC0998FA-DFA9-FC34-4AC4-2FA0AE821EB0}"
EndProject
Global
	GlobalSection(SolutionConfigurationPlatforms) = preSolution
		Debug|Any CPU = Debug|Any CPU
		Release|Any CPU = Release|Any CPU
	EndGlobalSection
	GlobalSection(ProjectConfigurationPlatforms) = postSolution
		{FC0998FA-DFA9-FC34-4AC4-2FA0AE821EB0}.Debug|Any CPU.ActiveCfg = Debug|Any CPU
		{FC0998FA-DFA9-FC34-4AC4-2FA0AE821EB0}.Debug|Any CPU.Build.0 = Debug|Any CPU
		{FC0998FA-DFA9-FC34-4AC4-2FA0AE821EB0}.Release|Any CPU.ActiveCfg = Release|Any CPU
		{FC0998FA-DFA9-FC34-4AC4-2FA0AE821EB0}.Release|Any CPU.Build.0 = Release|Any CPU
	EndGlobalSection
	GlobalSection(SolutionProperties) = preSolution
		HideSolutionNode = FALSE
	EndGlobalSection
	GlobalSection(ExtensibilityGlobals) = postSolution
		SolutionGuid = {95A10661-B3D7-4ADD-AEF1-9D90474FA050}
	EndGlobalSection
EndGlobal
